// !$*UTF8*$!
{
	archiveVersion = 1;
	classes = {
	};
	objectVersion = 56;
	objects = {

/* Begin PBXBuildFile section */
		122B3EE12BBFC53B00167D9E /* SelectEntryMode.swift in Sources */ = {isa = PBXBuildFile; fileRef = 122B3EE02BBFC53B00167D9E /* SelectEntryMode.swift */; };
		122B3EE32BBFC62700167D9E /* EntryMode.swift in Sources */ = {isa = PBXBuildFile; fileRef = 122B3EE22BBFC62700167D9E /* EntryMode.swift */; };
		122B3EE52BC025C200167D9E /* HeaderView.swift in Sources */ = {isa = PBXBuildFile; fileRef = 122B3EE42BC025C200167D9E /* HeaderView.swift */; };
		122B3EE72BC3B2CF00167D9E /* TheDayDetailPoopRowView.swift in Sources */ = {isa = PBXBuildFile; fileRef = 122B3EE62BC3B2CF00167D9E /* TheDayDetailPoopRowView.swift */; };
		124778C32BE5194800559205 /* UNCHILOGWatchApp.swift in Sources */ = {isa = PBXBuildFile; fileRef = 124778C22BE5194800559205 /* UNCHILOGWatchApp.swift */; };
		124778C52BE5194800559205 /* PoopWeekListView.swift in Sources */ = {isa = PBXBuildFile; fileRef = 124778C42BE5194800559205 /* PoopWeekListView.swift */; };
		124778C72BE5194A00559205 /* Assets.xcassets in Resources */ = {isa = PBXBuildFile; fileRef = 124778C62BE5194A00559205 /* Assets.xcassets */; };
		124778CA2BE5194A00559205 /* Preview Assets.xcassets in Resources */ = {isa = PBXBuildFile; fileRef = 124778C92BE5194A00559205 /* Preview Assets.xcassets */; };
		124778CD2BE5194A00559205 /* 今日のうんちWatch.app in Embed Watch Content */ = {isa = PBXBuildFile; fileRef = 124778C02BE5194800559205 /* 今日のうんちWatch.app */; settings = {ATTRIBUTES = (RemoveHeadersOnCopy, ); }; };
		124778D22BE51A6E00559205 /* UNCHILOG.xcdatamodeld in Sources */ = {isa = PBXBuildFile; fileRef = 12CBFBF32BAFE25C005FE4F1 /* UNCHILOG.xcdatamodeld */; };
		124778D32BE51A7400559205 /* Poop+CoreDataClass.swift in Sources */ = {isa = PBXBuildFile; fileRef = 128BB5BB2BB147BB009E0FAB /* Poop+CoreDataClass.swift */; };
		124778D42BE51A9400559205 /* PoopShape.swift in Sources */ = {isa = PBXBuildFile; fileRef = 128BB5C42BB28495009E0FAB /* PoopShape.swift */; };
		124778D52BE51A9600559205 /* PoopColor.swift in Sources */ = {isa = PBXBuildFile; fileRef = 128BB5CA2BB284D5009E0FAB /* PoopColor.swift */; };
		124778D62BE51A9800559205 /* PoopVolume.swift in Sources */ = {isa = PBXBuildFile; fileRef = 128BB5C62BB284AC009E0FAB /* PoopVolume.swift */; };
		124778D72BE51AAB00559205 /* DateFormatUtility.swift in Sources */ = {isa = PBXBuildFile; fileRef = 128BB5DB2BB306FA009E0FAB /* DateFormatUtility.swift */; };
		124778D82BE51ABA00559205 /* CoreDataRepository.swift in Sources */ = {isa = PBXBuildFile; fileRef = 128BB5BE2BB1497D009E0FAB /* CoreDataRepository.swift */; };
		124778D92BE51ACA00559205 /* Colors.xcassets in Resources */ = {isa = PBXBuildFile; fileRef = 128BB5A52BAFE3B7009E0FAB /* Colors.xcassets */; };
		124778DA2BE51ACD00559205 /* Images.xcassets in Resources */ = {isa = PBXBuildFile; fileRef = 12CBFBEC2BAFE25C005FE4F1 /* Images.xcassets */; };
		124778E12BE51C3E00559205 /* DeviceSizeManager.swift in Sources */ = {isa = PBXBuildFile; fileRef = 124778E02BE51C3E00559205 /* DeviceSizeManager.swift */; };
		124778E22BE5200900559205 /* SCDate.swift in Sources */ = {isa = PBXBuildFile; fileRef = 128BB5AE2BB14115009E0FAB /* SCDate.swift */; };
		124778E32BE5200B00559205 /* SCYearAndMonth.swift in Sources */ = {isa = PBXBuildFile; fileRef = 128BB5B02BB14125009E0FAB /* SCYearAndMonth.swift */; };
		124778E42BE5200D00559205 /* SCWeek.swift in Sources */ = {isa = PBXBuildFile; fileRef = 128BB5B22BB14135009E0FAB /* SCWeek.swift */; };
		124778E82BE523A400559205 /* RootView.swift in Sources */ = {isa = PBXBuildFile; fileRef = 124778E72BE523A400559205 /* RootView.swift */; };
		124778EA2BE5BDA300559205 /* PoopInputTodayView.swift in Sources */ = {isa = PBXBuildFile; fileRef = 124778E92BE5BDA300559205 /* PoopInputTodayView.swift */; };
		124778ED2BE9FC9C00559205 /* CommunicationKey.swift in Sources */ = {isa = PBXBuildFile; fileRef = 124778EC2BE9FC9C00559205 /* CommunicationKey.swift */; };
		124778F02BE9FD7900559205 /* SCWeekDayRepository.swift in Sources */ = {isa = PBXBuildFile; fileRef = 124778EF2BE9FD7900559205 /* SCWeekDayRepository.swift */; };
		124778F32BEA00E700559205 /* RepositoryDependency.swift in Sources */ = {isa = PBXBuildFile; fileRef = 124778F22BEA00E700559205 /* RepositoryDependency.swift */; };
		124778F72BEA028A00559205 /* iOSConnectRepository.swift in Sources */ = {isa = PBXBuildFile; fileRef = 124778F62BEA028A00559205 /* iOSConnectRepository.swift */; };
		124778F92BEA02DE00559205 /* SessionDataError.swift in Sources */ = {isa = PBXBuildFile; fileRef = 124778F82BEA02DE00559205 /* SessionDataError.swift */; };
		124778FC2BEA034300559205 /* PoopError.swift in Sources */ = {isa = PBXBuildFile; fileRef = 124778FB2BEA034300559205 /* PoopError.swift */; };
		124778FF2BEA037700559205 /* WatchErrorr.swift in Sources */ = {isa = PBXBuildFile; fileRef = 124778FE2BEA037700559205 /* WatchErrorr.swift */; };
		124779002BEA03A300559205 /* PoopError.swift in Sources */ = {isa = PBXBuildFile; fileRef = 124778FB2BEA034300559205 /* PoopError.swift */; };
		124779022BEA03BC00559205 /* ConnectError.swift in Sources */ = {isa = PBXBuildFile; fileRef = 124779012BEA03BC00559205 /* ConnectError.swift */; };
		124779042BEA041000559205 /* Strings.swift in Sources */ = {isa = PBXBuildFile; fileRef = 128BB5EA2BB467B2009E0FAB /* Strings.swift */; };
		124779062BEA062300559205 /* WatchConnectRepository.swift in Sources */ = {isa = PBXBuildFile; fileRef = 124779052BEA062300559205 /* WatchConnectRepository.swift */; };
		124779072BEA063B00559205 /* WatchErrorr.swift in Sources */ = {isa = PBXBuildFile; fileRef = 124778FE2BEA037700559205 /* WatchErrorr.swift */; };
		124779082BEA063D00559205 /* SessionDataError.swift in Sources */ = {isa = PBXBuildFile; fileRef = 124778F82BEA02DE00559205 /* SessionDataError.swift */; };
		124779092BEA064000559205 /* ConnectError.swift in Sources */ = {isa = PBXBuildFile; fileRef = 124779012BEA03BC00559205 /* ConnectError.swift */; };
		1247790A2BEA066000559205 /* CommunicationKey.swift in Sources */ = {isa = PBXBuildFile; fileRef = 124778EC2BE9FC9C00559205 /* CommunicationKey.swift */; };
		1247790C2BEA4B7800559205 /* WatchLogger.swift in Sources */ = {isa = PBXBuildFile; fileRef = 1247790B2BEA4B7800559205 /* WatchLogger.swift */; };
		1247790D2BEA527200559205 /* PoopRepository.swift in Sources */ = {isa = PBXBuildFile; fileRef = 128BB5C12BB282E7009E0FAB /* PoopRepository.swift */; };
		1247790F2BEA5CDE00559205 /* RootEnvironment.swift in Sources */ = {isa = PBXBuildFile; fileRef = 1247790E2BEA5CDE00559205 /* RootEnvironment.swift */; };
		124779102BEA600700559205 /* WatchLogger.swift in Sources */ = {isa = PBXBuildFile; fileRef = 1247790B2BEA4B7800559205 /* WatchLogger.swift */; };
		125326832BB8050A003A6BB0 /* YearAndMonthSelectionView.swift in Sources */ = {isa = PBXBuildFile; fileRef = 125326822BB8050A003A6BB0 /* YearAndMonthSelectionView.swift */; };
		128BB5A62BAFE3B7009E0FAB /* Colors.xcassets in Resources */ = {isa = PBXBuildFile; fileRef = 128BB5A52BAFE3B7009E0FAB /* Colors.xcassets */; };
		128BB5A82BAFE3CB009E0FAB /* Localizable.strings in Resources */ = {isa = PBXBuildFile; fileRef = 128BB5A72BAFE3CB009E0FAB /* Localizable.strings */; };
		128BB5AB2BAFE5C8009E0FAB /* GoogleService-Info.plist in Resources */ = {isa = PBXBuildFile; fileRef = 128BB5AA2BAFE5C8009E0FAB /* GoogleService-Info.plist */; };
		128BB5AF2BB14115009E0FAB /* SCDate.swift in Sources */ = {isa = PBXBuildFile; fileRef = 128BB5AE2BB14115009E0FAB /* SCDate.swift */; };
		128BB5B12BB14125009E0FAB /* SCYearAndMonth.swift in Sources */ = {isa = PBXBuildFile; fileRef = 128BB5B02BB14125009E0FAB /* SCYearAndMonth.swift */; };
		128BB5B32BB14135009E0FAB /* SCWeek.swift in Sources */ = {isa = PBXBuildFile; fileRef = 128BB5B22BB14135009E0FAB /* SCWeek.swift */; };
		128BB5B62BB141C5009E0FAB /* SCCalenderRepository.swift in Sources */ = {isa = PBXBuildFile; fileRef = 128BB5B52BB141C5009E0FAB /* SCCalenderRepository.swift */; };
		128BB5B82BB142BB009E0FAB /* EXCollection.swift in Sources */ = {isa = PBXBuildFile; fileRef = 128BB5B72BB142BB009E0FAB /* EXCollection.swift */; };
		128BB5BC2BB147BB009E0FAB /* Poop+CoreDataClass.swift in Sources */ = {isa = PBXBuildFile; fileRef = 128BB5BB2BB147BB009E0FAB /* Poop+CoreDataClass.swift */; };
		128BB5BF2BB1497D009E0FAB /* CoreDataRepository.swift in Sources */ = {isa = PBXBuildFile; fileRef = 128BB5BE2BB1497D009E0FAB /* CoreDataRepository.swift */; };
		128BB5C22BB282E7009E0FAB /* PoopRepository.swift in Sources */ = {isa = PBXBuildFile; fileRef = 128BB5C12BB282E7009E0FAB /* PoopRepository.swift */; };
		128BB5C52BB28495009E0FAB /* PoopShape.swift in Sources */ = {isa = PBXBuildFile; fileRef = 128BB5C42BB28495009E0FAB /* PoopShape.swift */; };
		128BB5C72BB284AC009E0FAB /* PoopVolume.swift in Sources */ = {isa = PBXBuildFile; fileRef = 128BB5C62BB284AC009E0FAB /* PoopVolume.swift */; };
		128BB5CB2BB284D5009E0FAB /* PoopColor.swift in Sources */ = {isa = PBXBuildFile; fileRef = 128BB5CA2BB284D5009E0FAB /* PoopColor.swift */; };
		128BB5CD2BB28833009E0FAB /* PoopInputView.swift in Sources */ = {isa = PBXBuildFile; fileRef = 128BB5CC2BB28833009E0FAB /* PoopInputView.swift */; };
		128BB5D02BB2885C009E0FAB /* RepositoryDependency.swift in Sources */ = {isa = PBXBuildFile; fileRef = 128BB5CF2BB2885C009E0FAB /* RepositoryDependency.swift */; };
		128BB5D22BB28882009E0FAB /* UserDefaultsRepository.swift in Sources */ = {isa = PBXBuildFile; fileRef = 128BB5D12BB28882009E0FAB /* UserDefaultsRepository.swift */; };
		128BB5D42BB2899C009E0FAB /* KeyChainRepository.swift in Sources */ = {isa = PBXBuildFile; fileRef = 128BB5D32BB2899C009E0FAB /* KeyChainRepository.swift */; };
		128BB5D62BB289AF009E0FAB /* BiometricAuthRepository.swift in Sources */ = {isa = PBXBuildFile; fileRef = 128BB5D52BB289AF009E0FAB /* BiometricAuthRepository.swift */; };
		128BB5D82BB289E2009E0FAB /* PoopViewModel.swift in Sources */ = {isa = PBXBuildFile; fileRef = 128BB5D72BB289E2009E0FAB /* PoopViewModel.swift */; };
		128BB5DA2BB2FCEF009E0FAB /* PoopCalendarView.swift in Sources */ = {isa = PBXBuildFile; fileRef = 128BB5D92BB2FCEF009E0FAB /* PoopCalendarView.swift */; };
		128BB5DC2BB306FA009E0FAB /* DateFormatUtility.swift in Sources */ = {isa = PBXBuildFile; fileRef = 128BB5DB2BB306FA009E0FAB /* DateFormatUtility.swift */; };
		128BB5DE2BB30B72009E0FAB /* TheDayDetailView.swift in Sources */ = {isa = PBXBuildFile; fileRef = 128BB5DD2BB30B72009E0FAB /* TheDayDetailView.swift */; };
		128BB5E12BB30E6E009E0FAB /* TheDayView.swift in Sources */ = {isa = PBXBuildFile; fileRef = 128BB5E02BB30E6E009E0FAB /* TheDayView.swift */; };
		128BB5E62BB46589009E0FAB /* CustomNotifyDialogView.swift in Sources */ = {isa = PBXBuildFile; fileRef = 128BB5E52BB46589009E0FAB /* CustomNotifyDialogView.swift */; };
		128BB5E82BB465A2009E0FAB /* RootEnvironment.swift in Sources */ = {isa = PBXBuildFile; fileRef = 128BB5E72BB465A2009E0FAB /* RootEnvironment.swift */; };
		128BB5EB2BB467B2009E0FAB /* Assets.swift in Sources */ = {isa = PBXBuildFile; fileRef = 128BB5E92BB467B2009E0FAB /* Assets.swift */; };
		128BB5EC2BB467B2009E0FAB /* Strings.swift in Sources */ = {isa = PBXBuildFile; fileRef = 128BB5EA2BB467B2009E0FAB /* Strings.swift */; };
		128BB5F02BB59F97009E0FAB /* FooterView.swift in Sources */ = {isa = PBXBuildFile; fileRef = 128BB5EF2BB59F97009E0FAB /* FooterView.swift */; };
		128BB5F32BB5A124009E0FAB /* SettingView.swift in Sources */ = {isa = PBXBuildFile; fileRef = 128BB5F22BB5A124009E0FAB /* SettingView.swift */; };
		128BB5F62BB5AB58009E0FAB /* SelectInitWeek.swift in Sources */ = {isa = PBXBuildFile; fileRef = 128BB5F52BB5AB58009E0FAB /* SelectInitWeek.swift */; };
		128BB5F92BB5ACF3009E0FAB /* UserDefaultsKey.swift in Sources */ = {isa = PBXBuildFile; fileRef = 128BB5F82BB5ACF3009E0FAB /* UserDefaultsKey.swift */; };
		128BB5FC2BB5AFC5009E0FAB /* AppLockView.swift in Sources */ = {isa = PBXBuildFile; fileRef = 128BB5FB2BB5AFC5009E0FAB /* AppLockView.swift */; };
		128BB5FE2BB5AFD0009E0FAB /* AppLockInputView.swift in Sources */ = {isa = PBXBuildFile; fileRef = 128BB5FD2BB5AFD0009E0FAB /* AppLockInputView.swift */; };
		128BB6012BB5B000009E0FAB /* AppLockViewModel.swift in Sources */ = {isa = PBXBuildFile; fileRef = 128BB6002BB5B000009E0FAB /* AppLockViewModel.swift */; };
		128BB6032BB5B008009E0FAB /* AppLockInputViewModel.swift in Sources */ = {isa = PBXBuildFile; fileRef = 128BB6022BB5B008009E0FAB /* AppLockInputViewModel.swift */; };
		128BB6052BB5B033009E0FAB /* DeviceSizeManager.swift in Sources */ = {isa = PBXBuildFile; fileRef = 128BB6042BB5B033009E0FAB /* DeviceSizeManager.swift */; };
		128BB6072BB5B0DD009E0FAB /* SettingViewModel.swift in Sources */ = {isa = PBXBuildFile; fileRef = 128BB6062BB5B0DD009E0FAB /* SettingViewModel.swift */; };
		128BB60A2BB79BA2009E0FAB /* UrlLinkConfig.swift in Sources */ = {isa = PBXBuildFile; fileRef = 128BB6092BB79BA2009E0FAB /* UrlLinkConfig.swift */; };
		128BB60D2BB7F88E009E0FAB /* PoopChartView.swift in Sources */ = {isa = PBXBuildFile; fileRef = 128BB60C2BB7F88E009E0FAB /* PoopChartView.swift */; };
		12978DEC2BE3CEF700D25AA4 /* CarouselCalendarView.swift in Sources */ = {isa = PBXBuildFile; fileRef = 12978DEB2BE3CEF700D25AA4 /* CarouselCalendarView.swift */; };
		12A43E172BBAF51800AB19A4 /* RoundMessageView.swift in Sources */ = {isa = PBXBuildFile; fileRef = 12A43E162BBAF51700AB19A4 /* RoundMessageView.swift */; };
		12B29BCE2BD521A900DD7E20 /* PoopMessage.swift in Sources */ = {isa = PBXBuildFile; fileRef = 12B29BCD2BD521A900DD7E20 /* PoopMessage.swift */; };
		12CBFBE92BAFE25B005FE4F1 /* UNCHILOGApp.swift in Sources */ = {isa = PBXBuildFile; fileRef = 12CBFBE82BAFE25B005FE4F1 /* UNCHILOGApp.swift */; };
		12CBFBEB2BAFE25B005FE4F1 /* RootView.swift in Sources */ = {isa = PBXBuildFile; fileRef = 12CBFBEA2BAFE25B005FE4F1 /* RootView.swift */; };
		12CBFBED2BAFE25C005FE4F1 /* Images.xcassets in Resources */ = {isa = PBXBuildFile; fileRef = 12CBFBEC2BAFE25C005FE4F1 /* Images.xcassets */; };
		12CBFBF02BAFE25C005FE4F1 /* Preview Assets.xcassets in Resources */ = {isa = PBXBuildFile; fileRef = 12CBFBEF2BAFE25C005FE4F1 /* Preview Assets.xcassets */; };
		12CBFBF52BAFE25C005FE4F1 /* UNCHILOG.xcdatamodeld in Sources */ = {isa = PBXBuildFile; fileRef = 12CBFBF32BAFE25C005FE4F1 /* UNCHILOG.xcdatamodeld */; };
		12DB3CF62BD391FC0075817A /* PrivacyInfo.xcprivacy in Resources */ = {isa = PBXBuildFile; fileRef = 12DB3CF52BD391FC0075817A /* PrivacyInfo.xcprivacy */; };
		12DB3CF82BD392A90075817A /* AdMobView.swift in Sources */ = {isa = PBXBuildFile; fileRef = 12DB3CF72BD392A90075817A /* AdMobView.swift */; };
		12DB3CFA2BD394870075817A /* AdsConfig.swift in Sources */ = {isa = PBXBuildFile; fileRef = 12DB3CF92BD394870075817A /* AdsConfig.swift */; };
		12DB3CFC2BD3AD070075817A /* MrPoopMessageView.swift in Sources */ = {isa = PBXBuildFile; fileRef = 12DB3CFB2BD3AD070075817A /* MrPoopMessageView.swift */; };
		12DCB2C22BBD2B7700AF62CB /* EntryButton.swift in Sources */ = {isa = PBXBuildFile; fileRef = 12DCB2C12BBD2B7700AF62CB /* EntryButton.swift */; };
		C297C18C2F20E9590633A74B /* Pods_UNCHILOG.framework in Frameworks */ = {isa = PBXBuildFile; fileRef = B70382F8D83335666AC1D3D7 /* Pods_UNCHILOG.framework */; };
/* End PBXBuildFile section */

/* Begin PBXContainerItemProxy section */
		124778CB2BE5194A00559205 /* PBXContainerItemProxy */ = {
			isa = PBXContainerItemProxy;
			containerPortal = 12CBFBDD2BAFE25B005FE4F1 /* Project object */;
			proxyType = 1;
			remoteGlobalIDString = 124778BF2BE5194800559205;
			remoteInfo = "UNCHILOGWatch Watch App";
		};
/* End PBXContainerItemProxy section */

/* Begin PBXCopyFilesBuildPhase section */
		124778CE2BE5194A00559205 /* Embed Watch Content */ = {
			isa = PBXCopyFilesBuildPhase;
			buildActionMask = 2147483647;
			dstPath = "$(CONTENTS_FOLDER_PATH)/Watch";
			dstSubfolderSpec = 16;
			files = (
				124778CD2BE5194A00559205 /* 今日のうんちWatch.app in Embed Watch Content */,
			);
			name = "Embed Watch Content";
			runOnlyForDeploymentPostprocessing = 0;
		};
/* End PBXCopyFilesBuildPhase section */

/* Begin PBXFileReference section */
		122B3EE02BBFC53B00167D9E /* SelectEntryMode.swift */ = {isa = PBXFileReference; lastKnownFileType = sourcecode.swift; path = SelectEntryMode.swift; sourceTree = "<group>"; };
		122B3EE22BBFC62700167D9E /* EntryMode.swift */ = {isa = PBXFileReference; lastKnownFileType = sourcecode.swift; path = EntryMode.swift; sourceTree = "<group>"; };
		122B3EE42BC025C200167D9E /* HeaderView.swift */ = {isa = PBXFileReference; lastKnownFileType = sourcecode.swift; path = HeaderView.swift; sourceTree = "<group>"; };
		122B3EE62BC3B2CF00167D9E /* TheDayDetailPoopRowView.swift */ = {isa = PBXFileReference; lastKnownFileType = sourcecode.swift; path = TheDayDetailPoopRowView.swift; sourceTree = "<group>"; };
		124778C02BE5194800559205 /* 今日のうんちWatch.app */ = {isa = PBXFileReference; explicitFileType = wrapper.application; includeInIndex = 0; path = "今日のうんちWatch.app"; sourceTree = BUILT_PRODUCTS_DIR; };
		124778C22BE5194800559205 /* UNCHILOGWatchApp.swift */ = {isa = PBXFileReference; lastKnownFileType = sourcecode.swift; path = UNCHILOGWatchApp.swift; sourceTree = "<group>"; };
		124778C42BE5194800559205 /* PoopWeekListView.swift */ = {isa = PBXFileReference; lastKnownFileType = sourcecode.swift; path = PoopWeekListView.swift; sourceTree = "<group>"; };
		124778C62BE5194A00559205 /* Assets.xcassets */ = {isa = PBXFileReference; lastKnownFileType = folder.assetcatalog; path = Assets.xcassets; sourceTree = "<group>"; };
		124778C92BE5194A00559205 /* Preview Assets.xcassets */ = {isa = PBXFileReference; lastKnownFileType = folder.assetcatalog; path = "Preview Assets.xcassets"; sourceTree = "<group>"; };
		124778E02BE51C3E00559205 /* DeviceSizeManager.swift */ = {isa = PBXFileReference; lastKnownFileType = sourcecode.swift; path = DeviceSizeManager.swift; sourceTree = "<group>"; };
		124778E72BE523A400559205 /* RootView.swift */ = {isa = PBXFileReference; lastKnownFileType = sourcecode.swift; path = RootView.swift; sourceTree = "<group>"; };
		124778E92BE5BDA300559205 /* PoopInputTodayView.swift */ = {isa = PBXFileReference; lastKnownFileType = sourcecode.swift; path = PoopInputTodayView.swift; sourceTree = "<group>"; };
		124778EC2BE9FC9C00559205 /* CommunicationKey.swift */ = {isa = PBXFileReference; lastKnownFileType = sourcecode.swift; path = CommunicationKey.swift; sourceTree = "<group>"; };
		124778EF2BE9FD7900559205 /* SCWeekDayRepository.swift */ = {isa = PBXFileReference; lastKnownFileType = sourcecode.swift; path = SCWeekDayRepository.swift; sourceTree = "<group>"; };
		124778F22BEA00E700559205 /* RepositoryDependency.swift */ = {isa = PBXFileReference; lastKnownFileType = sourcecode.swift; path = RepositoryDependency.swift; sourceTree = "<group>"; };
		124778F62BEA028A00559205 /* iOSConnectRepository.swift */ = {isa = PBXFileReference; lastKnownFileType = sourcecode.swift; path = iOSConnectRepository.swift; sourceTree = "<group>"; };
		124778F82BEA02DE00559205 /* SessionDataError.swift */ = {isa = PBXFileReference; lastKnownFileType = sourcecode.swift; path = SessionDataError.swift; sourceTree = "<group>"; };
		124778FB2BEA034300559205 /* PoopError.swift */ = {isa = PBXFileReference; lastKnownFileType = sourcecode.swift; path = PoopError.swift; sourceTree = "<group>"; };
		124778FE2BEA037700559205 /* WatchErrorr.swift */ = {isa = PBXFileReference; lastKnownFileType = sourcecode.swift; path = WatchErrorr.swift; sourceTree = "<group>"; };
		124779012BEA03BC00559205 /* ConnectError.swift */ = {isa = PBXFileReference; lastKnownFileType = sourcecode.swift; path = ConnectError.swift; sourceTree = "<group>"; };
		124779052BEA062300559205 /* WatchConnectRepository.swift */ = {isa = PBXFileReference; lastKnownFileType = sourcecode.swift; path = WatchConnectRepository.swift; sourceTree = "<group>"; };
		1247790B2BEA4B7800559205 /* WatchLogger.swift */ = {isa = PBXFileReference; lastKnownFileType = sourcecode.swift; path = WatchLogger.swift; sourceTree = "<group>"; };
		1247790E2BEA5CDE00559205 /* RootEnvironment.swift */ = {isa = PBXFileReference; lastKnownFileType = sourcecode.swift; path = RootEnvironment.swift; sourceTree = "<group>"; };
		125326822BB8050A003A6BB0 /* YearAndMonthSelectionView.swift */ = {isa = PBXFileReference; lastKnownFileType = sourcecode.swift; path = YearAndMonthSelectionView.swift; sourceTree = "<group>"; };
		128BB5A52BAFE3B7009E0FAB /* Colors.xcassets */ = {isa = PBXFileReference; lastKnownFileType = folder.assetcatalog; path = Colors.xcassets; sourceTree = "<group>"; };
		128BB5A72BAFE3CB009E0FAB /* Localizable.strings */ = {isa = PBXFileReference; lastKnownFileType = text.plist.strings; path = Localizable.strings; sourceTree = "<group>"; };
		128BB5A92BAFE480009E0FAB /* Info.plist */ = {isa = PBXFileReference; lastKnownFileType = text.plist; path = Info.plist; sourceTree = "<group>"; };
		128BB5AA2BAFE5C8009E0FAB /* GoogleService-Info.plist */ = {isa = PBXFileReference; lastKnownFileType = text.plist; path = "GoogleService-Info.plist"; sourceTree = SOURCE_ROOT; };
		128BB5AE2BB14115009E0FAB /* SCDate.swift */ = {isa = PBXFileReference; lastKnownFileType = sourcecode.swift; path = SCDate.swift; sourceTree = "<group>"; };
		128BB5B02BB14125009E0FAB /* SCYearAndMonth.swift */ = {isa = PBXFileReference; lastKnownFileType = sourcecode.swift; path = SCYearAndMonth.swift; sourceTree = "<group>"; };
		128BB5B22BB14135009E0FAB /* SCWeek.swift */ = {isa = PBXFileReference; lastKnownFileType = sourcecode.swift; path = SCWeek.swift; sourceTree = "<group>"; };
		128BB5B52BB141C5009E0FAB /* SCCalenderRepository.swift */ = {isa = PBXFileReference; lastKnownFileType = sourcecode.swift; path = SCCalenderRepository.swift; sourceTree = "<group>"; };
		128BB5B72BB142BB009E0FAB /* EXCollection.swift */ = {isa = PBXFileReference; lastKnownFileType = sourcecode.swift; path = EXCollection.swift; sourceTree = "<group>"; };
		128BB5BB2BB147BB009E0FAB /* Poop+CoreDataClass.swift */ = {isa = PBXFileReference; lastKnownFileType = sourcecode.swift; name = "Poop+CoreDataClass.swift"; path = "/Users/s/Desktop/SwiftApp/UNCHILOG/UNCHILOG/Model/CoreData/Poop+CoreDataClass.swift"; sourceTree = "<absolute>"; };
		128BB5BE2BB1497D009E0FAB /* CoreDataRepository.swift */ = {isa = PBXFileReference; lastKnownFileType = sourcecode.swift; path = CoreDataRepository.swift; sourceTree = "<group>"; };
		128BB5C12BB282E7009E0FAB /* PoopRepository.swift */ = {isa = PBXFileReference; lastKnownFileType = sourcecode.swift; path = PoopRepository.swift; sourceTree = "<group>"; };
		128BB5C42BB28495009E0FAB /* PoopShape.swift */ = {isa = PBXFileReference; lastKnownFileType = sourcecode.swift; path = PoopShape.swift; sourceTree = "<group>"; };
		128BB5C62BB284AC009E0FAB /* PoopVolume.swift */ = {isa = PBXFileReference; lastKnownFileType = sourcecode.swift; path = PoopVolume.swift; sourceTree = "<group>"; };
		128BB5CA2BB284D5009E0FAB /* PoopColor.swift */ = {isa = PBXFileReference; lastKnownFileType = sourcecode.swift; path = PoopColor.swift; sourceTree = "<group>"; };
		128BB5CC2BB28833009E0FAB /* PoopInputView.swift */ = {isa = PBXFileReference; lastKnownFileType = sourcecode.swift; path = PoopInputView.swift; sourceTree = "<group>"; };
		128BB5CF2BB2885C009E0FAB /* RepositoryDependency.swift */ = {isa = PBXFileReference; lastKnownFileType = sourcecode.swift; path = RepositoryDependency.swift; sourceTree = "<group>"; };
		128BB5D12BB28882009E0FAB /* UserDefaultsRepository.swift */ = {isa = PBXFileReference; lastKnownFileType = sourcecode.swift; path = UserDefaultsRepository.swift; sourceTree = "<group>"; };
		128BB5D32BB2899C009E0FAB /* KeyChainRepository.swift */ = {isa = PBXFileReference; lastKnownFileType = sourcecode.swift; path = KeyChainRepository.swift; sourceTree = "<group>"; };
		128BB5D52BB289AF009E0FAB /* BiometricAuthRepository.swift */ = {isa = PBXFileReference; lastKnownFileType = sourcecode.swift; path = BiometricAuthRepository.swift; sourceTree = "<group>"; };
		128BB5D72BB289E2009E0FAB /* PoopViewModel.swift */ = {isa = PBXFileReference; lastKnownFileType = sourcecode.swift; path = PoopViewModel.swift; sourceTree = "<group>"; };
		128BB5D92BB2FCEF009E0FAB /* PoopCalendarView.swift */ = {isa = PBXFileReference; lastKnownFileType = sourcecode.swift; path = PoopCalendarView.swift; sourceTree = "<group>"; };
		128BB5DB2BB306FA009E0FAB /* DateFormatUtility.swift */ = {isa = PBXFileReference; lastKnownFileType = sourcecode.swift; path = DateFormatUtility.swift; sourceTree = "<group>"; };
		128BB5DD2BB30B72009E0FAB /* TheDayDetailView.swift */ = {isa = PBXFileReference; lastKnownFileType = sourcecode.swift; path = TheDayDetailView.swift; sourceTree = "<group>"; };
		128BB5E02BB30E6E009E0FAB /* TheDayView.swift */ = {isa = PBXFileReference; lastKnownFileType = sourcecode.swift; path = TheDayView.swift; sourceTree = "<group>"; };
		128BB5E52BB46589009E0FAB /* CustomNotifyDialogView.swift */ = {isa = PBXFileReference; lastKnownFileType = sourcecode.swift; path = CustomNotifyDialogView.swift; sourceTree = "<group>"; };
		128BB5E72BB465A2009E0FAB /* RootEnvironment.swift */ = {isa = PBXFileReference; lastKnownFileType = sourcecode.swift; path = RootEnvironment.swift; sourceTree = "<group>"; };
		128BB5E92BB467B2009E0FAB /* Assets.swift */ = {isa = PBXFileReference; fileEncoding = 4; lastKnownFileType = sourcecode.swift; path = Assets.swift; sourceTree = "<group>"; };
		128BB5EA2BB467B2009E0FAB /* Strings.swift */ = {isa = PBXFileReference; fileEncoding = 4; lastKnownFileType = sourcecode.swift; path = Strings.swift; sourceTree = "<group>"; };
		128BB5EF2BB59F97009E0FAB /* FooterView.swift */ = {isa = PBXFileReference; lastKnownFileType = sourcecode.swift; path = FooterView.swift; sourceTree = "<group>"; };
		128BB5F22BB5A124009E0FAB /* SettingView.swift */ = {isa = PBXFileReference; lastKnownFileType = sourcecode.swift; path = SettingView.swift; sourceTree = "<group>"; };
		128BB5F52BB5AB58009E0FAB /* SelectInitWeek.swift */ = {isa = PBXFileReference; lastKnownFileType = sourcecode.swift; path = SelectInitWeek.swift; sourceTree = "<group>"; };
		128BB5F82BB5ACF3009E0FAB /* UserDefaultsKey.swift */ = {isa = PBXFileReference; lastKnownFileType = sourcecode.swift; path = UserDefaultsKey.swift; sourceTree = "<group>"; };
		128BB5FB2BB5AFC5009E0FAB /* AppLockView.swift */ = {isa = PBXFileReference; lastKnownFileType = sourcecode.swift; path = AppLockView.swift; sourceTree = "<group>"; };
		128BB5FD2BB5AFD0009E0FAB /* AppLockInputView.swift */ = {isa = PBXFileReference; lastKnownFileType = sourcecode.swift; path = AppLockInputView.swift; sourceTree = "<group>"; };
		128BB6002BB5B000009E0FAB /* AppLockViewModel.swift */ = {isa = PBXFileReference; lastKnownFileType = sourcecode.swift; path = AppLockViewModel.swift; sourceTree = "<group>"; };
		128BB6022BB5B008009E0FAB /* AppLockInputViewModel.swift */ = {isa = PBXFileReference; lastKnownFileType = sourcecode.swift; path = AppLockInputViewModel.swift; sourceTree = "<group>"; };
		128BB6042BB5B033009E0FAB /* DeviceSizeManager.swift */ = {isa = PBXFileReference; lastKnownFileType = sourcecode.swift; path = DeviceSizeManager.swift; sourceTree = "<group>"; };
		128BB6062BB5B0DD009E0FAB /* SettingViewModel.swift */ = {isa = PBXFileReference; lastKnownFileType = sourcecode.swift; path = SettingViewModel.swift; sourceTree = "<group>"; };
		128BB6092BB79BA2009E0FAB /* UrlLinkConfig.swift */ = {isa = PBXFileReference; lastKnownFileType = sourcecode.swift; path = UrlLinkConfig.swift; sourceTree = "<group>"; };
		128BB60C2BB7F88E009E0FAB /* PoopChartView.swift */ = {isa = PBXFileReference; lastKnownFileType = sourcecode.swift; path = PoopChartView.swift; sourceTree = "<group>"; };
		12978DEB2BE3CEF700D25AA4 /* CarouselCalendarView.swift */ = {isa = PBXFileReference; lastKnownFileType = sourcecode.swift; path = CarouselCalendarView.swift; sourceTree = "<group>"; };
		12A43E162BBAF51700AB19A4 /* RoundMessageView.swift */ = {isa = PBXFileReference; lastKnownFileType = sourcecode.swift; path = RoundMessageView.swift; sourceTree = "<group>"; };
		12B29BCD2BD521A900DD7E20 /* PoopMessage.swift */ = {isa = PBXFileReference; lastKnownFileType = sourcecode.swift; path = PoopMessage.swift; sourceTree = "<group>"; };
		12CBFBE52BAFE25B005FE4F1 /* UNCHILOG.app */ = {isa = PBXFileReference; explicitFileType = wrapper.application; includeInIndex = 0; path = UNCHILOG.app; sourceTree = BUILT_PRODUCTS_DIR; };
		12CBFBE82BAFE25B005FE4F1 /* UNCHILOGApp.swift */ = {isa = PBXFileReference; lastKnownFileType = sourcecode.swift; path = UNCHILOGApp.swift; sourceTree = "<group>"; };
		12CBFBEA2BAFE25B005FE4F1 /* RootView.swift */ = {isa = PBXFileReference; lastKnownFileType = sourcecode.swift; path = RootView.swift; sourceTree = "<group>"; };
		12CBFBEC2BAFE25C005FE4F1 /* Images.xcassets */ = {isa = PBXFileReference; lastKnownFileType = folder.assetcatalog; path = Images.xcassets; sourceTree = "<group>"; };
		12CBFBEF2BAFE25C005FE4F1 /* Preview Assets.xcassets */ = {isa = PBXFileReference; lastKnownFileType = folder.assetcatalog; path = "Preview Assets.xcassets"; sourceTree = "<group>"; };
		12CBFBF42BAFE25C005FE4F1 /* UNCHILOG.xcdatamodel */ = {isa = PBXFileReference; lastKnownFileType = wrapper.xcdatamodel; path = UNCHILOG.xcdatamodel; sourceTree = "<group>"; };
		12DB3CF52BD391FC0075817A /* PrivacyInfo.xcprivacy */ = {isa = PBXFileReference; lastKnownFileType = text.xml; path = PrivacyInfo.xcprivacy; sourceTree = "<group>"; };
		12DB3CF72BD392A90075817A /* AdMobView.swift */ = {isa = PBXFileReference; lastKnownFileType = sourcecode.swift; path = AdMobView.swift; sourceTree = "<group>"; };
		12DB3CF92BD394870075817A /* AdsConfig.swift */ = {isa = PBXFileReference; lastKnownFileType = sourcecode.swift; path = AdsConfig.swift; sourceTree = "<group>"; };
		12DB3CFB2BD3AD070075817A /* MrPoopMessageView.swift */ = {isa = PBXFileReference; lastKnownFileType = sourcecode.swift; path = MrPoopMessageView.swift; sourceTree = "<group>"; };
		12DCB2C12BBD2B7700AF62CB /* EntryButton.swift */ = {isa = PBXFileReference; lastKnownFileType = sourcecode.swift; path = EntryButton.swift; sourceTree = "<group>"; };
		B70382F8D83335666AC1D3D7 /* Pods_UNCHILOG.framework */ = {isa = PBXFileReference; explicitFileType = wrapper.framework; includeInIndex = 0; path = Pods_UNCHILOG.framework; sourceTree = BUILT_PRODUCTS_DIR; };
		C335F896FB75E0D71E43B745 /* Pods-UNCHILOG.release.xcconfig */ = {isa = PBXFileReference; includeInIndex = 1; lastKnownFileType = text.xcconfig; name = "Pods-UNCHILOG.release.xcconfig"; path = "Target Support Files/Pods-UNCHILOG/Pods-UNCHILOG.release.xcconfig"; sourceTree = "<group>"; };
		FFAB3A2F64D4F2AEF273AC17 /* Pods-UNCHILOG.debug.xcconfig */ = {isa = PBXFileReference; includeInIndex = 1; lastKnownFileType = text.xcconfig; name = "Pods-UNCHILOG.debug.xcconfig"; path = "Target Support Files/Pods-UNCHILOG/Pods-UNCHILOG.debug.xcconfig"; sourceTree = "<group>"; };
/* End PBXFileReference section */

/* Begin PBXFrameworksBuildPhase section */
		124778BD2BE5194800559205 /* Frameworks */ = {
			isa = PBXFrameworksBuildPhase;
			buildActionMask = 2147483647;
			files = (
			);
			runOnlyForDeploymentPostprocessing = 0;
		};
		12CBFBE22BAFE25B005FE4F1 /* Frameworks */ = {
			isa = PBXFrameworksBuildPhase;
			buildActionMask = 2147483647;
			files = (
				C297C18C2F20E9590633A74B /* Pods_UNCHILOG.framework in Frameworks */,
			);
			runOnlyForDeploymentPostprocessing = 0;
		};
/* End PBXFrameworksBuildPhase section */

/* Begin PBXGroup section */
		124778C12BE5194800559205 /* UNCHILOGWatch Watch App */ = {
			isa = PBXGroup;
			children = (
				124778DF2BE51C2500559205 /* Extension&Utility */,
				124778EB2BE9FC8000559205 /* Model */,
				124778DD2BE51C1400559205 /* View */,
				124778DE2BE51C1B00559205 /* ViewModel */,
				124778EE2BE9FD5000559205 /* Repository */,
				124778C62BE5194A00559205 /* Assets.xcassets */,
				124778C82BE5194A00559205 /* Preview Content */,
			);
			path = "UNCHILOGWatch Watch App";
			sourceTree = "<group>";
		};
		124778C82BE5194A00559205 /* Preview Content */ = {
			isa = PBXGroup;
			children = (
				124778C92BE5194A00559205 /* Preview Assets.xcassets */,
			);
			path = "Preview Content";
			sourceTree = "<group>";
		};
		124778DD2BE51C1400559205 /* View */ = {
			isa = PBXGroup;
			children = (
				124778C22BE5194800559205 /* UNCHILOGWatchApp.swift */,
				124778E72BE523A400559205 /* RootView.swift */,
				124778E92BE5BDA300559205 /* PoopInputTodayView.swift */,
				124778C42BE5194800559205 /* PoopWeekListView.swift */,
			);
			path = View;
			sourceTree = "<group>";
		};
		124778DE2BE51C1B00559205 /* ViewModel */ = {
			isa = PBXGroup;
			children = (
				1247790E2BEA5CDE00559205 /* RootEnvironment.swift */,
			);
			path = ViewModel;
			sourceTree = "<group>";
		};
		124778DF2BE51C2500559205 /* Extension&Utility */ = {
			isa = PBXGroup;
			children = (
				124778E02BE51C3E00559205 /* DeviceSizeManager.swift */,
				1247790B2BEA4B7800559205 /* WatchLogger.swift */,
			);
			path = "Extension&Utility";
			sourceTree = "<group>";
		};
		124778EB2BE9FC8000559205 /* Model */ = {
			isa = PBXGroup;
			children = (
				124778EC2BE9FC9C00559205 /* CommunicationKey.swift */,
				124778FD2BEA036200559205 /* Error */,
			);
			path = Model;
			sourceTree = "<group>";
		};
		124778EE2BE9FD5000559205 /* Repository */ = {
			isa = PBXGroup;
			children = (
				124778EF2BE9FD7900559205 /* SCWeekDayRepository.swift */,
				124778F62BEA028A00559205 /* iOSConnectRepository.swift */,
				124778F12BEA00DF00559205 /* DI */,
			);
			path = Repository;
			sourceTree = "<group>";
		};
		124778F12BEA00DF00559205 /* DI */ = {
			isa = PBXGroup;
			children = (
				124778F22BEA00E700559205 /* RepositoryDependency.swift */,
			);
			path = DI;
			sourceTree = "<group>";
		};
		124778FA2BEA033400559205 /* Error */ = {
			isa = PBXGroup;
			children = (
				124778FB2BEA034300559205 /* PoopError.swift */,
			);
			path = Error;
			sourceTree = "<group>";
		};
		124778FD2BEA036200559205 /* Error */ = {
			isa = PBXGroup;
			children = (
				124778FE2BEA037700559205 /* WatchErrorr.swift */,
				124778F82BEA02DE00559205 /* SessionDataError.swift */,
				124779012BEA03BC00559205 /* ConnectError.swift */,
			);
			path = Error;
			sourceTree = "<group>";
		};
		125326812BB804E5003A6BB0 /* Components */ = {
			isa = PBXGroup;
			children = (
				125326822BB8050A003A6BB0 /* YearAndMonthSelectionView.swift */,
			);
			path = Components;
			sourceTree = "<group>";
		};
		128BB59D2BAFE348009E0FAB /* Generated */ = {
			isa = PBXGroup;
			children = (
				128BB5E92BB467B2009E0FAB /* Assets.swift */,
				128BB5EA2BB467B2009E0FAB /* Strings.swift */,
			);
			path = Generated;
			sourceTree = "<group>";
		};
		128BB59E2BAFE34E009E0FAB /* Resources */ = {
			isa = PBXGroup;
			children = (
				12CBFBEC2BAFE25C005FE4F1 /* Images.xcassets */,
				128BB5A52BAFE3B7009E0FAB /* Colors.xcassets */,
				128BB5A72BAFE3CB009E0FAB /* Localizable.strings */,
			);
			path = Resources;
			sourceTree = "<group>";
		};
		128BB59F2BAFE357009E0FAB /* Extension&Utility */ = {
			isa = PBXGroup;
			children = (
				128BB5B72BB142BB009E0FAB /* EXCollection.swift */,
				128BB5DB2BB306FA009E0FAB /* DateFormatUtility.swift */,
				128BB6042BB5B033009E0FAB /* DeviceSizeManager.swift */,
			);
			path = "Extension&Utility";
			sourceTree = "<group>";
		};
		128BB5A02BAFE361009E0FAB /* Model */ = {
			isa = PBXGroup;
			children = (
				124778FA2BEA033400559205 /* Error */,
				128BB6082BB79B98009E0FAB /* Config */,
				128BB5F72BB5ACE0009E0FAB /* Key */,
				128BB5AD2BB140F6009E0FAB /* SCCalendar */,
				128BB5A42BAFE38F009E0FAB /* CoreData */,
			);
			path = Model;
			sourceTree = "<group>";
		};
		128BB5A12BAFE36C009E0FAB /* View */ = {
			isa = PBXGroup;
			children = (
				12CBFBE82BAFE25B005FE4F1 /* UNCHILOGApp.swift */,
				12CBFBEA2BAFE25B005FE4F1 /* RootView.swift */,
				128BB60B2BB7F85E009E0FAB /* Chart */,
				128BB5DF2BB30E48009E0FAB /* Calendar */,
				128BB5E42BB4657F009E0FAB /* Dialog */,
				128BB5F42BB5AB47009E0FAB /* Setting */,
				128BB5FA2BB5AFB0009E0FAB /* AppLock */,
				128BB5ED2BB59F6C009E0FAB /* Components */,
			);
			path = View;
			sourceTree = "<group>";
		};
		128BB5A22BAFE371009E0FAB /* ViewModel */ = {
			isa = PBXGroup;
			children = (
				128BB5D72BB289E2009E0FAB /* PoopViewModel.swift */,
				128BB5E72BB465A2009E0FAB /* RootEnvironment.swift */,
				128BB6062BB5B0DD009E0FAB /* SettingViewModel.swift */,
				128BB5FF2BB5AFF2009E0FAB /* AppLock */,
			);
			path = ViewModel;
			sourceTree = "<group>";
		};
		128BB5A32BAFE37D009E0FAB /* Repository */ = {
			isa = PBXGroup;
			children = (
				128BB5B42BB141A4009E0FAB /* SCCalendar */,
				128BB5CE2BB28854009E0FAB /* DI */,
				128BB5C02BB282D6009E0FAB /* AppModel */,
				128BB5BD2BB14973009E0FAB /* DB */,
				128BB5D52BB289AF009E0FAB /* BiometricAuthRepository.swift */,
				124779052BEA062300559205 /* WatchConnectRepository.swift */,
			);
			path = Repository;
			sourceTree = "<group>";
		};
		128BB5A42BAFE38F009E0FAB /* CoreData */ = {
			isa = PBXGroup;
			children = (
				128BB5BB2BB147BB009E0FAB /* Poop+CoreDataClass.swift */,
				128BB5C42BB28495009E0FAB /* PoopShape.swift */,
				128BB5CA2BB284D5009E0FAB /* PoopColor.swift */,
				128BB5C62BB284AC009E0FAB /* PoopVolume.swift */,
				12CBFBF32BAFE25C005FE4F1 /* UNCHILOG.xcdatamodeld */,
			);
			path = CoreData;
			sourceTree = "<group>";
		};
		128BB5AD2BB140F6009E0FAB /* SCCalendar */ = {
			isa = PBXGroup;
			children = (
				128BB5AE2BB14115009E0FAB /* SCDate.swift */,
				128BB5B02BB14125009E0FAB /* SCYearAndMonth.swift */,
				128BB5B22BB14135009E0FAB /* SCWeek.swift */,
			);
			path = SCCalendar;
			sourceTree = "<group>";
		};
		128BB5B42BB141A4009E0FAB /* SCCalendar */ = {
			isa = PBXGroup;
			children = (
				128BB5B52BB141C5009E0FAB /* SCCalenderRepository.swift */,
			);
			path = SCCalendar;
			sourceTree = "<group>";
		};
		128BB5BD2BB14973009E0FAB /* DB */ = {
			isa = PBXGroup;
			children = (
				128BB5BE2BB1497D009E0FAB /* CoreDataRepository.swift */,
				128BB5D12BB28882009E0FAB /* UserDefaultsRepository.swift */,
				128BB5D32BB2899C009E0FAB /* KeyChainRepository.swift */,
			);
			path = DB;
			sourceTree = "<group>";
		};
		128BB5C02BB282D6009E0FAB /* AppModel */ = {
			isa = PBXGroup;
			children = (
				128BB5C12BB282E7009E0FAB /* PoopRepository.swift */,
			);
			path = AppModel;
			sourceTree = "<group>";
		};
		128BB5CE2BB28854009E0FAB /* DI */ = {
			isa = PBXGroup;
			children = (
				128BB5CF2BB2885C009E0FAB /* RepositoryDependency.swift */,
			);
			path = DI;
			sourceTree = "<group>";
		};
		128BB5DF2BB30E48009E0FAB /* Calendar */ = {
			isa = PBXGroup;
			children = (
				128BB5D92BB2FCEF009E0FAB /* PoopCalendarView.swift */,
				12978DEB2BE3CEF700D25AA4 /* CarouselCalendarView.swift */,
				128BB5E02BB30E6E009E0FAB /* TheDayView.swift */,
				128BB5DD2BB30B72009E0FAB /* TheDayDetailView.swift */,
				122B3EE62BC3B2CF00167D9E /* TheDayDetailPoopRowView.swift */,
				128BB5CC2BB28833009E0FAB /* PoopInputView.swift */,
				125326812BB804E5003A6BB0 /* Components */,
			);
			path = Calendar;
			sourceTree = "<group>";
		};
		128BB5E42BB4657F009E0FAB /* Dialog */ = {
			isa = PBXGroup;
			children = (
				128BB5E52BB46589009E0FAB /* CustomNotifyDialogView.swift */,
			);
			path = Dialog;
			sourceTree = "<group>";
		};
		128BB5ED2BB59F6C009E0FAB /* Components */ = {
			isa = PBXGroup;
			children = (
				128BB5EE2BB59F83009E0FAB /* Layout */,
				12A43E162BBAF51700AB19A4 /* RoundMessageView.swift */,
				12DCB2C12BBD2B7700AF62CB /* EntryButton.swift */,
				12DB3CFB2BD3AD070075817A /* MrPoopMessageView.swift */,
				12DB3CF72BD392A90075817A /* AdMobView.swift */,
			);
			path = Components;
			sourceTree = "<group>";
		};
		128BB5EE2BB59F83009E0FAB /* Layout */ = {
			isa = PBXGroup;
			children = (
				122B3EE42BC025C200167D9E /* HeaderView.swift */,
				128BB5EF2BB59F97009E0FAB /* FooterView.swift */,
			);
			path = Layout;
			sourceTree = "<group>";
		};
		128BB5F42BB5AB47009E0FAB /* Setting */ = {
			isa = PBXGroup;
			children = (
				128BB5F22BB5A124009E0FAB /* SettingView.swift */,
				122B3EE02BBFC53B00167D9E /* SelectEntryMode.swift */,
				128BB5F52BB5AB58009E0FAB /* SelectInitWeek.swift */,
			);
			path = Setting;
			sourceTree = "<group>";
		};
		128BB5F72BB5ACE0009E0FAB /* Key */ = {
			isa = PBXGroup;
			children = (
				128BB5F82BB5ACF3009E0FAB /* UserDefaultsKey.swift */,
			);
			path = Key;
			sourceTree = "<group>";
		};
		128BB5FA2BB5AFB0009E0FAB /* AppLock */ = {
			isa = PBXGroup;
			children = (
				128BB5FB2BB5AFC5009E0FAB /* AppLockView.swift */,
				128BB5FD2BB5AFD0009E0FAB /* AppLockInputView.swift */,
			);
			path = AppLock;
			sourceTree = "<group>";
		};
		128BB5FF2BB5AFF2009E0FAB /* AppLock */ = {
			isa = PBXGroup;
			children = (
				128BB6002BB5B000009E0FAB /* AppLockViewModel.swift */,
				128BB6022BB5B008009E0FAB /* AppLockInputViewModel.swift */,
			);
			path = AppLock;
			sourceTree = "<group>";
		};
		128BB6082BB79B98009E0FAB /* Config */ = {
			isa = PBXGroup;
			children = (
				128BB6092BB79BA2009E0FAB /* UrlLinkConfig.swift */,
				12DB3CF92BD394870075817A /* AdsConfig.swift */,
				122B3EE22BBFC62700167D9E /* EntryMode.swift */,
				12B29BCD2BD521A900DD7E20 /* PoopMessage.swift */,
			);
			path = Config;
			sourceTree = "<group>";
		};
		128BB60B2BB7F85E009E0FAB /* Chart */ = {
			isa = PBXGroup;
			children = (
				128BB60C2BB7F88E009E0FAB /* PoopChartView.swift */,
			);
			path = Chart;
			sourceTree = "<group>";
		};
		12CBFBDC2BAFE25B005FE4F1 = {
			isa = PBXGroup;
			children = (
				12CBFBE72BAFE25B005FE4F1 /* UNCHILOG */,
				124778C12BE5194800559205 /* UNCHILOGWatch Watch App */,
				12CBFBE62BAFE25B005FE4F1 /* Products */,
				1966409B7BAB9EB294D87360 /* Pods */,
				6DBA257C95B27BCA3EAE7CCB /* Frameworks */,
			);
			sourceTree = "<group>";
		};
		12CBFBE62BAFE25B005FE4F1 /* Products */ = {
			isa = PBXGroup;
			children = (
				12CBFBE52BAFE25B005FE4F1 /* UNCHILOG.app */,
				124778C02BE5194800559205 /* 今日のうんちWatch.app */,
			);
			name = Products;
			sourceTree = "<group>";
		};
		12CBFBE72BAFE25B005FE4F1 /* UNCHILOG */ = {
			isa = PBXGroup;
			children = (
				128BB5A92BAFE480009E0FAB /* Info.plist */,
				128BB5AA2BAFE5C8009E0FAB /* GoogleService-Info.plist */,
				12DB3CF52BD391FC0075817A /* PrivacyInfo.xcprivacy */,
				128BB59D2BAFE348009E0FAB /* Generated */,
				128BB59E2BAFE34E009E0FAB /* Resources */,
				128BB59F2BAFE357009E0FAB /* Extension&Utility */,
				128BB5A02BAFE361009E0FAB /* Model */,
				128BB5A12BAFE36C009E0FAB /* View */,
				128BB5A22BAFE371009E0FAB /* ViewModel */,
				128BB5A32BAFE37D009E0FAB /* Repository */,
				12CBFBEE2BAFE25C005FE4F1 /* Preview Content */,
			);
			path = UNCHILOG;
			sourceTree = "<group>";
		};
		12CBFBEE2BAFE25C005FE4F1 /* Preview Content */ = {
			isa = PBXGroup;
			children = (
				12CBFBEF2BAFE25C005FE4F1 /* Preview Assets.xcassets */,
			);
			path = "Preview Content";
			sourceTree = "<group>";
		};
		1966409B7BAB9EB294D87360 /* Pods */ = {
			isa = PBXGroup;
			children = (
				FFAB3A2F64D4F2AEF273AC17 /* Pods-UNCHILOG.debug.xcconfig */,
				C335F896FB75E0D71E43B745 /* Pods-UNCHILOG.release.xcconfig */,
			);
			path = Pods;
			sourceTree = "<group>";
		};
		6DBA257C95B27BCA3EAE7CCB /* Frameworks */ = {
			isa = PBXGroup;
			children = (
				B70382F8D83335666AC1D3D7 /* Pods_UNCHILOG.framework */,
			);
			name = Frameworks;
			sourceTree = "<group>";
		};
/* End PBXGroup section */

/* Begin PBXNativeTarget section */
		124778BF2BE5194800559205 /* UNCHILOGWatch Watch App */ = {
			isa = PBXNativeTarget;
			buildConfigurationList = 124778D12BE5194A00559205 /* Build configuration list for PBXNativeTarget "UNCHILOGWatch Watch App" */;
			buildPhases = (
				124778BC2BE5194800559205 /* Sources */,
				124778BD2BE5194800559205 /* Frameworks */,
				124778BE2BE5194800559205 /* Resources */,
			);
			buildRules = (
			);
			dependencies = (
			);
			name = "UNCHILOGWatch Watch App";
			productName = "UNCHILOGWatch Watch App";
			productReference = 124778C02BE5194800559205 /* 今日のうんちWatch.app */;
			productType = "com.apple.product-type.application";
		};
		12CBFBE42BAFE25B005FE4F1 /* UNCHILOG */ = {
			isa = PBXNativeTarget;
			buildConfigurationList = 12CBFBF82BAFE25C005FE4F1 /* Build configuration list for PBXNativeTarget "UNCHILOG" */;
			buildPhases = (
				8CA84FE6A9154B3DD87231E6 /* [CP] Check Pods Manifest.lock */,
				12CBFBE12BAFE25B005FE4F1 /* Sources */,
				12CBFBE22BAFE25B005FE4F1 /* Frameworks */,
				12CBFBE32BAFE25B005FE4F1 /* Resources */,
				CD277CC31CE15987174DBBA6 /* [CP] Embed Pods Frameworks */,
				124778CE2BE5194A00559205 /* Embed Watch Content */,
			);
			buildRules = (
			);
			dependencies = (
				124778CC2BE5194A00559205 /* PBXTargetDependency */,
			);
			name = UNCHILOG;
			productName = UNCHILOG;
			productReference = 12CBFBE52BAFE25B005FE4F1 /* UNCHILOG.app */;
			productType = "com.apple.product-type.application";
		};
/* End PBXNativeTarget section */

/* Begin PBXProject section */
		12CBFBDD2BAFE25B005FE4F1 /* Project object */ = {
			isa = PBXProject;
			attributes = {
				BuildIndependentTargetsInParallel = 1;
				LastSwiftUpdateCheck = 1500;
				LastUpgradeCheck = 1500;
				TargetAttributes = {
					124778BF2BE5194800559205 = {
						CreatedOnToolsVersion = 15.0.1;
					};
					12CBFBE42BAFE25B005FE4F1 = {
						CreatedOnToolsVersion = 15.0.1;
					};
				};
			};
			buildConfigurationList = 12CBFBE02BAFE25B005FE4F1 /* Build configuration list for PBXProject "UNCHILOG" */;
			compatibilityVersion = "Xcode 14.0";
			developmentRegion = en;
			hasScannedForEncodings = 0;
			knownRegions = (
				en,
				Base,
			);
			mainGroup = 12CBFBDC2BAFE25B005FE4F1;
			productRefGroup = 12CBFBE62BAFE25B005FE4F1 /* Products */;
			projectDirPath = "";
			projectRoot = "";
			targets = (
				12CBFBE42BAFE25B005FE4F1 /* UNCHILOG */,
				124778BF2BE5194800559205 /* UNCHILOGWatch Watch App */,
			);
		};
/* End PBXProject section */

/* Begin PBXResourcesBuildPhase section */
		124778BE2BE5194800559205 /* Resources */ = {
			isa = PBXResourcesBuildPhase;
			buildActionMask = 2147483647;
			files = (
				124778D92BE51ACA00559205 /* Colors.xcassets in Resources */,
				124778DA2BE51ACD00559205 /* Images.xcassets in Resources */,
				124778CA2BE5194A00559205 /* Preview Assets.xcassets in Resources */,
				124778C72BE5194A00559205 /* Assets.xcassets in Resources */,
			);
			runOnlyForDeploymentPostprocessing = 0;
		};
		12CBFBE32BAFE25B005FE4F1 /* Resources */ = {
			isa = PBXResourcesBuildPhase;
			buildActionMask = 2147483647;
			files = (
				12DB3CF62BD391FC0075817A /* PrivacyInfo.xcprivacy in Resources */,
				128BB5A62BAFE3B7009E0FAB /* Colors.xcassets in Resources */,
				128BB5A82BAFE3CB009E0FAB /* Localizable.strings in Resources */,
				128BB5AB2BAFE5C8009E0FAB /* GoogleService-Info.plist in Resources */,
				12CBFBF02BAFE25C005FE4F1 /* Preview Assets.xcassets in Resources */,
				12CBFBED2BAFE25C005FE4F1 /* Images.xcassets in Resources */,
			);
			runOnlyForDeploymentPostprocessing = 0;
		};
/* End PBXResourcesBuildPhase section */

/* Begin PBXShellScriptBuildPhase section */
		8CA84FE6A9154B3DD87231E6 /* [CP] Check Pods Manifest.lock */ = {
			isa = PBXShellScriptBuildPhase;
			buildActionMask = 2147483647;
			files = (
			);
			inputFileListPaths = (
			);
			inputPaths = (
				"${PODS_PODFILE_DIR_PATH}/Podfile.lock",
				"${PODS_ROOT}/Manifest.lock",
			);
			name = "[CP] Check Pods Manifest.lock";
			outputFileListPaths = (
			);
			outputPaths = (
				"$(DERIVED_FILE_DIR)/Pods-UNCHILOG-checkManifestLockResult.txt",
			);
			runOnlyForDeploymentPostprocessing = 0;
			shellPath = /bin/sh;
			shellScript = "diff \"${PODS_PODFILE_DIR_PATH}/Podfile.lock\" \"${PODS_ROOT}/Manifest.lock\" > /dev/null\nif [ $? != 0 ] ; then\n    # print error to STDERR\n    echo \"error: The sandbox is not in sync with the Podfile.lock. Run 'pod install' or update your CocoaPods installation.\" >&2\n    exit 1\nfi\n# This output is used by Xcode 'outputs' to avoid re-running this script phase.\necho \"SUCCESS\" > \"${SCRIPT_OUTPUT_FILE_0}\"\n";
			showEnvVarsInLog = 0;
		};
		CD277CC31CE15987174DBBA6 /* [CP] Embed Pods Frameworks */ = {
			isa = PBXShellScriptBuildPhase;
			buildActionMask = 2147483647;
			files = (
			);
			inputFileListPaths = (
				"${PODS_ROOT}/Target Support Files/Pods-UNCHILOG/Pods-UNCHILOG-frameworks-${CONFIGURATION}-input-files.xcfilelist",
			);
			name = "[CP] Embed Pods Frameworks";
			outputFileListPaths = (
				"${PODS_ROOT}/Target Support Files/Pods-UNCHILOG/Pods-UNCHILOG-frameworks-${CONFIGURATION}-output-files.xcfilelist",
			);
			runOnlyForDeploymentPostprocessing = 0;
			shellPath = /bin/sh;
			shellScript = "\"${PODS_ROOT}/Target Support Files/Pods-UNCHILOG/Pods-UNCHILOG-frameworks.sh\"\n";
			showEnvVarsInLog = 0;
		};
/* End PBXShellScriptBuildPhase section */

/* Begin PBXSourcesBuildPhase section */
		124778BC2BE5194800559205 /* Sources */ = {
			isa = PBXSourcesBuildPhase;
			buildActionMask = 2147483647;
			files = (
				124778C52BE5194800559205 /* PoopWeekListView.swift in Sources */,
				124778D82BE51ABA00559205 /* CoreDataRepository.swift in Sources */,
				124778D52BE51A9600559205 /* PoopColor.swift in Sources */,
				124778E12BE51C3E00559205 /* DeviceSizeManager.swift in Sources */,
				124778D32BE51A7400559205 /* Poop+CoreDataClass.swift in Sources */,
				124778C32BE5194800559205 /* UNCHILOGWatchApp.swift in Sources */,
				124779022BEA03BC00559205 /* ConnectError.swift in Sources */,
				1247790D2BEA527200559205 /* PoopRepository.swift in Sources */,
				124778D22BE51A6E00559205 /* UNCHILOG.xcdatamodeld in Sources */,
				124778EA2BE5BDA300559205 /* PoopInputTodayView.swift in Sources */,
				124779042BEA041000559205 /* Strings.swift in Sources */,
				124778E82BE523A400559205 /* RootView.swift in Sources */,
				1247790F2BEA5CDE00559205 /* RootEnvironment.swift in Sources */,
				124778E22BE5200900559205 /* SCDate.swift in Sources */,
				124778E32BE5200B00559205 /* SCYearAndMonth.swift in Sources */,
				124778F72BEA028A00559205 /* iOSConnectRepository.swift in Sources */,
				124778F32BEA00E700559205 /* RepositoryDependency.swift in Sources */,
				124778E42BE5200D00559205 /* SCWeek.swift in Sources */,
				124778F92BEA02DE00559205 /* SessionDataError.swift in Sources */,
				124779002BEA03A300559205 /* PoopError.swift in Sources */,
				124778ED2BE9FC9C00559205 /* CommunicationKey.swift in Sources */,
				124778FF2BEA037700559205 /* WatchErrorr.swift in Sources */,
				124778D72BE51AAB00559205 /* DateFormatUtility.swift in Sources */,
				1247790C2BEA4B7800559205 /* WatchLogger.swift in Sources */,
				124778D42BE51A9400559205 /* PoopShape.swift in Sources */,
				124778F02BE9FD7900559205 /* SCWeekDayRepository.swift in Sources */,
				124778D62BE51A9800559205 /* PoopVolume.swift in Sources */,
			);
			runOnlyForDeploymentPostprocessing = 0;
		};
		12CBFBE12BAFE25B005FE4F1 /* Sources */ = {
			isa = PBXSourcesBuildPhase;
			buildActionMask = 2147483647;
			files = (
				128BB5DA2BB2FCEF009E0FAB /* PoopCalendarView.swift in Sources */,
				12A43E172BBAF51800AB19A4 /* RoundMessageView.swift in Sources */,
				128BB5E82BB465A2009E0FAB /* RootEnvironment.swift in Sources */,
				125326832BB8050A003A6BB0 /* YearAndMonthSelectionView.swift in Sources */,
				128BB5DC2BB306FA009E0FAB /* DateFormatUtility.swift in Sources */,
				124778FC2BEA034300559205 /* PoopError.swift in Sources */,
				124779092BEA064000559205 /* ConnectError.swift in Sources */,
				128BB5D62BB289AF009E0FAB /* BiometricAuthRepository.swift in Sources */,
				128BB5BF2BB1497D009E0FAB /* CoreDataRepository.swift in Sources */,
				128BB5F32BB5A124009E0FAB /* SettingView.swift in Sources */,
				124779082BEA063D00559205 /* SessionDataError.swift in Sources */,
				124779072BEA063B00559205 /* WatchErrorr.swift in Sources */,
				128BB5C52BB28495009E0FAB /* PoopShape.swift in Sources */,
				128BB5D82BB289E2009E0FAB /* PoopViewModel.swift in Sources */,
				128BB5F92BB5ACF3009E0FAB /* UserDefaultsKey.swift in Sources */,
				12CBFBEB2BAFE25B005FE4F1 /* RootView.swift in Sources */,
				122B3EE72BC3B2CF00167D9E /* TheDayDetailPoopRowView.swift in Sources */,
				128BB5B62BB141C5009E0FAB /* SCCalenderRepository.swift in Sources */,
				128BB6012BB5B000009E0FAB /* AppLockViewModel.swift in Sources */,
				122B3EE12BBFC53B00167D9E /* SelectEntryMode.swift in Sources */,
				12CBFBF52BAFE25C005FE4F1 /* UNCHILOG.xcdatamodeld in Sources */,
				128BB5EB2BB467B2009E0FAB /* Assets.swift in Sources */,
				128BB5E12BB30E6E009E0FAB /* TheDayView.swift in Sources */,
				128BB5C22BB282E7009E0FAB /* PoopRepository.swift in Sources */,
				12CBFBE92BAFE25B005FE4F1 /* UNCHILOGApp.swift in Sources */,
				128BB5F02BB59F97009E0FAB /* FooterView.swift in Sources */,
				12DB3CFA2BD394870075817A /* AdsConfig.swift in Sources */,
				128BB5DE2BB30B72009E0FAB /* TheDayDetailView.swift in Sources */,
				128BB5CD2BB28833009E0FAB /* PoopInputView.swift in Sources */,
				128BB5B32BB14135009E0FAB /* SCWeek.swift in Sources */,
				128BB5F62BB5AB58009E0FAB /* SelectInitWeek.swift in Sources */,
				12DCB2C22BBD2B7700AF62CB /* EntryButton.swift in Sources */,
				12978DEC2BE3CEF700D25AA4 /* CarouselCalendarView.swift in Sources */,
				128BB6052BB5B033009E0FAB /* DeviceSizeManager.swift in Sources */,
				122B3EE52BC025C200167D9E /* HeaderView.swift in Sources */,
				128BB5D42BB2899C009E0FAB /* KeyChainRepository.swift in Sources */,
				128BB5D02BB2885C009E0FAB /* RepositoryDependency.swift in Sources */,
				128BB5AF2BB14115009E0FAB /* SCDate.swift in Sources */,
				122B3EE32BBFC62700167D9E /* EntryMode.swift in Sources */,
				128BB5EC2BB467B2009E0FAB /* Strings.swift in Sources */,
				128BB60D2BB7F88E009E0FAB /* PoopChartView.swift in Sources */,
				128BB5E62BB46589009E0FAB /* CustomNotifyDialogView.swift in Sources */,
				128BB5D22BB28882009E0FAB /* UserDefaultsRepository.swift in Sources */,
				12DB3CFC2BD3AD070075817A /* MrPoopMessageView.swift in Sources */,
				1247790A2BEA066000559205 /* CommunicationKey.swift in Sources */,
				128BB6032BB5B008009E0FAB /* AppLockInputViewModel.swift in Sources */,
				128BB5FC2BB5AFC5009E0FAB /* AppLockView.swift in Sources */,
				128BB5FE2BB5AFD0009E0FAB /* AppLockInputView.swift in Sources */,
				128BB5C72BB284AC009E0FAB /* PoopVolume.swift in Sources */,
				124779102BEA600700559205 /* WatchLogger.swift in Sources */,
				128BB6072BB5B0DD009E0FAB /* SettingViewModel.swift in Sources */,
				128BB5BC2BB147BB009E0FAB /* Poop+CoreDataClass.swift in Sources */,
				12B29BCE2BD521A900DD7E20 /* PoopMessage.swift in Sources */,
				124779062BEA062300559205 /* WatchConnectRepository.swift in Sources */,
				128BB5B82BB142BB009E0FAB /* EXCollection.swift in Sources */,
				128BB5CB2BB284D5009E0FAB /* PoopColor.swift in Sources */,
				12DB3CF82BD392A90075817A /* AdMobView.swift in Sources */,
				128BB5B12BB14125009E0FAB /* SCYearAndMonth.swift in Sources */,
				128BB60A2BB79BA2009E0FAB /* UrlLinkConfig.swift in Sources */,
			);
			runOnlyForDeploymentPostprocessing = 0;
		};
/* End PBXSourcesBuildPhase section */

/* Begin PBXTargetDependency section */
		124778CC2BE5194A00559205 /* PBXTargetDependency */ = {
			isa = PBXTargetDependency;
			target = 124778BF2BE5194800559205 /* UNCHILOGWatch Watch App */;
			targetProxy = 124778CB2BE5194A00559205 /* PBXContainerItemProxy */;
		};
/* End PBXTargetDependency section */

/* Begin XCBuildConfiguration section */
		124778CF2BE5194A00559205 /* Debug */ = {
			isa = XCBuildConfiguration;
			buildSettings = {
				ASSETCATALOG_COMPILER_APPICON_NAME = AppIcon;
				ASSETCATALOG_COMPILER_GLOBAL_ACCENT_COLOR_NAME = AccentColor;
				CODE_SIGN_STYLE = Automatic;
				CURRENT_PROJECT_VERSION = 6;
				DEVELOPMENT_ASSET_PATHS = "\"UNCHILOGWatch Watch App/Preview Content\"";
				DEVELOPMENT_TEAM = CGD79LB65H;
				ENABLE_PREVIEWS = YES;
				GENERATE_INFOPLIST_FILE = YES;
				INFOPLIST_KEY_UISupportedInterfaceOrientations = "UIInterfaceOrientationPortrait UIInterfaceOrientationPortraitUpsideDown";
				INFOPLIST_KEY_WKCompanionAppBundleIdentifier = com.ame.UNCHILOG;
				LD_RUNPATH_SEARCH_PATHS = (
					"$(inherited)",
					"@executable_path/Frameworks",
				);
				MARKETING_VERSION = 2.1.0;
				PRODUCT_BUNDLE_IDENTIFIER = com.ame.UNCHILOG.watchkitapp;
				PRODUCT_NAME = "今日のうんちWatch";
				SDKROOT = watchos;
				SKIP_INSTALL = YES;
				SWIFT_EMIT_LOC_STRINGS = YES;
				SWIFT_VERSION = 5.0;
				TARGETED_DEVICE_FAMILY = 4;
				WATCHOS_DEPLOYMENT_TARGET = 9.0;
			};
			name = Debug;
		};
		124778D02BE5194A00559205 /* Release */ = {
			isa = XCBuildConfiguration;
			buildSettings = {
				ASSETCATALOG_COMPILER_APPICON_NAME = AppIcon;
				ASSETCATALOG_COMPILER_GLOBAL_ACCENT_COLOR_NAME = AccentColor;
				CODE_SIGN_STYLE = Automatic;
				CURRENT_PROJECT_VERSION = 6;
				DEVELOPMENT_ASSET_PATHS = "\"UNCHILOGWatch Watch App/Preview Content\"";
				DEVELOPMENT_TEAM = CGD79LB65H;
				ENABLE_PREVIEWS = YES;
				GENERATE_INFOPLIST_FILE = YES;
				INFOPLIST_KEY_UISupportedInterfaceOrientations = "UIInterfaceOrientationPortrait UIInterfaceOrientationPortraitUpsideDown";
				INFOPLIST_KEY_WKCompanionAppBundleIdentifier = com.ame.UNCHILOG;
				LD_RUNPATH_SEARCH_PATHS = (
					"$(inherited)",
					"@executable_path/Frameworks",
				);
				MARKETING_VERSION = 2.1.0;
				PRODUCT_BUNDLE_IDENTIFIER = com.ame.UNCHILOG.watchkitapp;
				PRODUCT_NAME = "今日のうんちWatch";
				SDKROOT = watchos;
				SKIP_INSTALL = YES;
				SWIFT_EMIT_LOC_STRINGS = YES;
				SWIFT_VERSION = 5.0;
				TARGETED_DEVICE_FAMILY = 4;
				WATCHOS_DEPLOYMENT_TARGET = 9.0;
			};
			name = Release;
		};
		12CBFBF62BAFE25C005FE4F1 /* Debug */ = {
			isa = XCBuildConfiguration;
			buildSettings = {
				ALWAYS_SEARCH_USER_PATHS = NO;
				ASSETCATALOG_COMPILER_GENERATE_SWIFT_ASSET_SYMBOL_EXTENSIONS = YES;
				CLANG_ANALYZER_NONNULL = YES;
				CLANG_ANALYZER_NUMBER_OBJECT_CONVERSION = YES_AGGRESSIVE;
				CLANG_CXX_LANGUAGE_STANDARD = "gnu++20";
				CLANG_ENABLE_MODULES = YES;
				CLANG_ENABLE_OBJC_ARC = YES;
				CLANG_ENABLE_OBJC_WEAK = YES;
				CLANG_WARN_BLOCK_CAPTURE_AUTORELEASING = YES;
				CLANG_WARN_BOOL_CONVERSION = YES;
				CLANG_WARN_COMMA = YES;
				CLANG_WARN_CONSTANT_CONVERSION = YES;
				CLANG_WARN_DEPRECATED_OBJC_IMPLEMENTATIONS = YES;
				CLANG_WARN_DIRECT_OBJC_ISA_USAGE = YES_ERROR;
				CLANG_WARN_DOCUMENTATION_COMMENTS = YES;
				CLANG_WARN_EMPTY_BODY = YES;
				CLANG_WARN_ENUM_CONVERSION = YES;
				CLANG_WARN_INFINITE_RECURSION = YES;
				CLANG_WARN_INT_CONVERSION = YES;
				CLANG_WARN_NON_LITERAL_NULL_CONVERSION = YES;
				CLANG_WARN_OBJC_IMPLICIT_RETAIN_SELF = YES;
				CLANG_WARN_OBJC_LITERAL_CONVERSION = YES;
				CLANG_WARN_OBJC_ROOT_CLASS = YES_ERROR;
				CLANG_WARN_QUOTED_INCLUDE_IN_FRAMEWORK_HEADER = YES;
				CLANG_WARN_RANGE_LOOP_ANALYSIS = YES;
				CLANG_WARN_STRICT_PROTOTYPES = YES;
				CLANG_WARN_SUSPICIOUS_MOVE = YES;
				CLANG_WARN_UNGUARDED_AVAILABILITY = YES_AGGRESSIVE;
				CLANG_WARN_UNREACHABLE_CODE = YES;
				CLANG_WARN__DUPLICATE_METHOD_MATCH = YES;
				COPY_PHASE_STRIP = NO;
				DEBUG_INFORMATION_FORMAT = dwarf;
				ENABLE_STRICT_OBJC_MSGSEND = YES;
				ENABLE_TESTABILITY = YES;
				ENABLE_USER_SCRIPT_SANDBOXING = YES;
				GCC_C_LANGUAGE_STANDARD = gnu17;
				GCC_DYNAMIC_NO_PIC = NO;
				GCC_NO_COMMON_BLOCKS = YES;
				GCC_OPTIMIZATION_LEVEL = 0;
				GCC_PREPROCESSOR_DEFINITIONS = (
					"DEBUG=1",
					"$(inherited)",
				);
				GCC_WARN_64_TO_32_BIT_CONVERSION = YES;
				GCC_WARN_ABOUT_RETURN_TYPE = YES_ERROR;
				GCC_WARN_UNDECLARED_SELECTOR = YES;
				GCC_WARN_UNINITIALIZED_AUTOS = YES_AGGRESSIVE;
				GCC_WARN_UNUSED_FUNCTION = YES;
				GCC_WARN_UNUSED_VARIABLE = YES;
				IPHONEOS_DEPLOYMENT_TARGET = 16.0;
				LOCALIZATION_PREFERS_STRING_CATALOGS = YES;
				MTL_ENABLE_DEBUG_INFO = INCLUDE_SOURCE;
				MTL_FAST_MATH = YES;
				ONLY_ACTIVE_ARCH = YES;
				SDKROOT = iphoneos;
				SWIFT_ACTIVE_COMPILATION_CONDITIONS = "DEBUG $(inherited)";
				SWIFT_OPTIMIZATION_LEVEL = "-Onone";
				WATCHOS_DEPLOYMENT_TARGET = 9.0;
			};
			name = Debug;
		};
		12CBFBF72BAFE25C005FE4F1 /* Release */ = {
			isa = XCBuildConfiguration;
			buildSettings = {
				ALWAYS_SEARCH_USER_PATHS = NO;
				ASSETCATALOG_COMPILER_GENERATE_SWIFT_ASSET_SYMBOL_EXTENSIONS = YES;
				CLANG_ANALYZER_NONNULL = YES;
				CLANG_ANALYZER_NUMBER_OBJECT_CONVERSION = YES_AGGRESSIVE;
				CLANG_CXX_LANGUAGE_STANDARD = "gnu++20";
				CLANG_ENABLE_MODULES = YES;
				CLANG_ENABLE_OBJC_ARC = YES;
				CLANG_ENABLE_OBJC_WEAK = YES;
				CLANG_WARN_BLOCK_CAPTURE_AUTORELEASING = YES;
				CLANG_WARN_BOOL_CONVERSION = YES;
				CLANG_WARN_COMMA = YES;
				CLANG_WARN_CONSTANT_CONVERSION = YES;
				CLANG_WARN_DEPRECATED_OBJC_IMPLEMENTATIONS = YES;
				CLANG_WARN_DIRECT_OBJC_ISA_USAGE = YES_ERROR;
				CLANG_WARN_DOCUMENTATION_COMMENTS = YES;
				CLANG_WARN_EMPTY_BODY = YES;
				CLANG_WARN_ENUM_CONVERSION = YES;
				CLANG_WARN_INFINITE_RECURSION = YES;
				CLANG_WARN_INT_CONVERSION = YES;
				CLANG_WARN_NON_LITERAL_NULL_CONVERSION = YES;
				CLANG_WARN_OBJC_IMPLICIT_RETAIN_SELF = YES;
				CLANG_WARN_OBJC_LITERAL_CONVERSION = YES;
				CLANG_WARN_OBJC_ROOT_CLASS = YES_ERROR;
				CLANG_WARN_QUOTED_INCLUDE_IN_FRAMEWORK_HEADER = YES;
				CLANG_WARN_RANGE_LOOP_ANALYSIS = YES;
				CLANG_WARN_STRICT_PROTOTYPES = YES;
				CLANG_WARN_SUSPICIOUS_MOVE = YES;
				CLANG_WARN_UNGUARDED_AVAILABILITY = YES_AGGRESSIVE;
				CLANG_WARN_UNREACHABLE_CODE = YES;
				CLANG_WARN__DUPLICATE_METHOD_MATCH = YES;
				COPY_PHASE_STRIP = NO;
				DEBUG_INFORMATION_FORMAT = "dwarf-with-dsym";
				ENABLE_NS_ASSERTIONS = NO;
				ENABLE_STRICT_OBJC_MSGSEND = YES;
				ENABLE_USER_SCRIPT_SANDBOXING = YES;
				GCC_C_LANGUAGE_STANDARD = gnu17;
				GCC_NO_COMMON_BLOCKS = YES;
				GCC_WARN_64_TO_32_BIT_CONVERSION = YES;
				GCC_WARN_ABOUT_RETURN_TYPE = YES_ERROR;
				GCC_WARN_UNDECLARED_SELECTOR = YES;
				GCC_WARN_UNINITIALIZED_AUTOS = YES_AGGRESSIVE;
				GCC_WARN_UNUSED_FUNCTION = YES;
				GCC_WARN_UNUSED_VARIABLE = YES;
				IPHONEOS_DEPLOYMENT_TARGET = 16.0;
				LOCALIZATION_PREFERS_STRING_CATALOGS = YES;
				MTL_ENABLE_DEBUG_INFO = NO;
				MTL_FAST_MATH = YES;
				SDKROOT = iphoneos;
				SWIFT_COMPILATION_MODE = wholemodule;
				VALIDATE_PRODUCT = YES;
				WATCHOS_DEPLOYMENT_TARGET = 9.0;
			};
			name = Release;
		};
		12CBFBF92BAFE25C005FE4F1 /* Debug */ = {
			isa = XCBuildConfiguration;
			baseConfigurationReference = FFAB3A2F64D4F2AEF273AC17 /* Pods-UNCHILOG.debug.xcconfig */;
			buildSettings = {
				ALWAYS_EMBED_SWIFT_STANDARD_LIBRARIES = YES;
				ASSETCATALOG_COMPILER_APPICON_NAME = AppIcon;
				ASSETCATALOG_COMPILER_GLOBAL_ACCENT_COLOR_NAME = AccentColor;
				CODE_SIGN_STYLE = Automatic;
				CURRENT_PROJECT_VERSION = 6;
				DEVELOPMENT_ASSET_PATHS = "\"UNCHILOG/Preview Content\"";
				DEVELOPMENT_TEAM = CGD79LB65H;
				ENABLE_PREVIEWS = YES;
				ENABLE_USER_SCRIPT_SANDBOXING = NO;
				GENERATE_INFOPLIST_FILE = YES;
				INFOPLIST_FILE = UNCHILOG/Info.plist;
				INFOPLIST_KEY_CFBundleDisplayName = "今日のうんち";
				INFOPLIST_KEY_LSApplicationCategoryType = "public.app-category.lifestyle";
				INFOPLIST_KEY_UIApplicationSceneManifest_Generation = YES;
				INFOPLIST_KEY_UIApplicationSupportsIndirectInputEvents = YES;
				INFOPLIST_KEY_UILaunchScreen_Generation = YES;
				INFOPLIST_KEY_UISupportedInterfaceOrientations = UIInterfaceOrientationPortrait;
				INFOPLIST_KEY_UISupportedInterfaceOrientations_iPad = "UIInterfaceOrientationLandscapeLeft UIInterfaceOrientationLandscapeRight UIInterfaceOrientationPortrait UIInterfaceOrientationPortraitUpsideDown";
				INFOPLIST_KEY_UIUserInterfaceStyle = Light;
				IPHONEOS_DEPLOYMENT_TARGET = 16.0;
				LD_RUNPATH_SEARCH_PATHS = (
					"$(inherited)",
					"@executable_path/Frameworks",
				);
				MARKETING_VERSION = 2.1.0;
				PRODUCT_BUNDLE_IDENTIFIER = com.ame.UNCHILOG;
				PRODUCT_NAME = "$(TARGET_NAME)";
				SUPPORTED_PLATFORMS = "iphoneos iphonesimulator";
				SUPPORTS_MACCATALYST = NO;
				SUPPORTS_MAC_DESIGNED_FOR_IPHONE_IPAD = NO;
				SWIFT_EMIT_LOC_STRINGS = YES;
				SWIFT_VERSION = 5.0;
				TARGETED_DEVICE_FAMILY = 1;
			};
			name = Debug;
		};
		12CBFBFA2BAFE25C005FE4F1 /* Release */ = {
			isa = XCBuildConfiguration;
			baseConfigurationReference = C335F896FB75E0D71E43B745 /* Pods-UNCHILOG.release.xcconfig */;
			buildSettings = {
				ALWAYS_EMBED_SWIFT_STANDARD_LIBRARIES = YES;
				ASSETCATALOG_COMPILER_APPICON_NAME = AppIcon;
				ASSETCATALOG_COMPILER_GLOBAL_ACCENT_COLOR_NAME = AccentColor;
				CODE_SIGN_STYLE = Automatic;
				CURRENT_PROJECT_VERSION = 6;
				DEVELOPMENT_ASSET_PATHS = "\"UNCHILOG/Preview Content\"";
				DEVELOPMENT_TEAM = CGD79LB65H;
				ENABLE_PREVIEWS = YES;
				ENABLE_USER_SCRIPT_SANDBOXING = NO;
				GENERATE_INFOPLIST_FILE = YES;
				INFOPLIST_FILE = UNCHILOG/Info.plist;
				INFOPLIST_KEY_CFBundleDisplayName = "今日のうんち";
				INFOPLIST_KEY_LSApplicationCategoryType = "public.app-category.lifestyle";
				INFOPLIST_KEY_UIApplicationSceneManifest_Generation = YES;
				INFOPLIST_KEY_UIApplicationSupportsIndirectInputEvents = YES;
				INFOPLIST_KEY_UILaunchScreen_Generation = YES;
				INFOPLIST_KEY_UISupportedInterfaceOrientations = UIInterfaceOrientationPortrait;
				INFOPLIST_KEY_UISupportedInterfaceOrientations_iPad = "UIInterfaceOrientationLandscapeLeft UIInterfaceOrientationLandscapeRight UIInterfaceOrientationPortrait UIInterfaceOrientationPortraitUpsideDown";
				INFOPLIST_KEY_UIUserInterfaceStyle = Light;
				IPHONEOS_DEPLOYMENT_TARGET = 16.0;
				LD_RUNPATH_SEARCH_PATHS = (
					"$(inherited)",
					"@executable_path/Frameworks",
				);
				MARKETING_VERSION = 2.1.0;
				PRODUCT_BUNDLE_IDENTIFIER = com.ame.UNCHILOG;
				PRODUCT_NAME = "$(TARGET_NAME)";
				SUPPORTED_PLATFORMS = "iphoneos iphonesimulator";
				SUPPORTS_MACCATALYST = NO;
				SUPPORTS_MAC_DESIGNED_FOR_IPHONE_IPAD = NO;
				SWIFT_EMIT_LOC_STRINGS = YES;
				SWIFT_VERSION = 5.0;
				TARGETED_DEVICE_FAMILY = 1;
			};
			name = Release;
		};
/* End XCBuildConfiguration section */

/* Begin XCConfigurationList section */
		124778D12BE5194A00559205 /* Build configuration list for PBXNativeTarget "UNCHILOGWatch Watch App" */ = {
			isa = XCConfigurationList;
			buildConfigurations = (
				124778CF2BE5194A00559205 /* Debug */,
				124778D02BE5194A00559205 /* Release */,
			);
			defaultConfigurationIsVisible = 0;
			defaultConfigurationName = Release;
		};
		12CBFBE02BAFE25B005FE4F1 /* Build configuration list for PBXProject "UNCHILOG" */ = {
			isa = XCConfigurationList;
			buildConfigurations = (
				12CBFBF62BAFE25C005FE4F1 /* Debug */,
				12CBFBF72BAFE25C005FE4F1 /* Release */,
			);
			defaultConfigurationIsVisible = 0;
			defaultConfigurationName = Release;
		};
		12CBFBF82BAFE25C005FE4F1 /* Build configuration list for PBXNativeTarget "UNCHILOG" */ = {
			isa = XCConfigurationList;
			buildConfigurations = (
				12CBFBF92BAFE25C005FE4F1 /* Debug */,
				12CBFBFA2BAFE25C005FE4F1 /* Release */,
			);
			defaultConfigurationIsVisible = 0;
			defaultConfigurationName = Release;
		};
/* End XCConfigurationList section */

/* Begin XCVersionGroup section */
		12CBFBF32BAFE25C005FE4F1 /* UNCHILOG.xcdatamodeld */ = {
			isa = XCVersionGroup;
			children = (
				12CBFBF42BAFE25C005FE4F1 /* UNCHILOG.xcdatamodel */,
			);
			currentVersion = 12CBFBF42BAFE25C005FE4F1 /* UNCHILOG.xcdatamodel */;
			path = UNCHILOG.xcdatamodeld;
			sourceTree = "<group>";
			versionGroupType = wrapper.xcdatamodel;
		};
/* End XCVersionGroup section */
	};
	rootObject = 12CBFBDD2BAFE25B005FE4F1 /* Project object */;
}
